// !$*UTF8*$!
{
	archiveVersion = 1;
	classes = {
	};
	objectVersion = 50;
	objects = {

/* Begin PBXBuildFile section */
		1B416D3420BB4EC1000142FE /* AppDelegate.swift in Sources */ = {isa = PBXBuildFile; fileRef = 1B416D3320BB4EC1000142FE /* AppDelegate.swift */; };
		1B416D3620BB4EC1000142FE /* ViewController.swift in Sources */ = {isa = PBXBuildFile; fileRef = 1B416D3520BB4EC1000142FE /* ViewController.swift */; };
		1B416D3920BB4EC1000142FE /* Main.storyboard in Resources */ = {isa = PBXBuildFile; fileRef = 1B416D3720BB4EC1000142FE /* Main.storyboard */; };
		1B416D3B20BB4EC2000142FE /* Assets.xcassets in Resources */ = {isa = PBXBuildFile; fileRef = 1B416D3A20BB4EC2000142FE /* Assets.xcassets */; };
		1B416D3E20BB4EC2000142FE /* LaunchScreen.storyboard in Resources */ = {isa = PBXBuildFile; fileRef = 1B416D3C20BB4EC2000142FE /* LaunchScreen.storyboard */; };
		1B416D4920BB4EC2000142FE /* PartyRockAppTests.swift in Sources */ = {isa = PBXBuildFile; fileRef = 1B416D4820BB4EC2000142FE /* PartyRockAppTests.swift */; };
		1B416D5420BB4EC2000142FE /* PartyRockAppUITests.swift in Sources */ = {isa = PBXBuildFile; fileRef = 1B416D5320BB4EC2000142FE /* PartyRockAppUITests.swift */; };
/* End PBXBuildFile section */

/* Begin PBXContainerItemProxy section */
		1B416D4520BB4EC2000142FE /* PBXContainerItemProxy */ = {
			isa = PBXContainerItemProxy;
			containerPortal = 1B416D2820BB4EC1000142FE /* Project object */;
			proxyType = 1;
			remoteGlobalIDString = 1B416D2F20BB4EC1000142FE;
			remoteInfo = PartyRockApp;
		};
		1B416D5020BB4EC2000142FE /* PBXContainerItemProxy */ = {
			isa = PBXContainerItemProxy;
			containerPortal = 1B416D2820BB4EC1000142FE /* Project object */;
			proxyType = 1;
			remoteGlobalIDString = 1B416D2F20BB4EC1000142FE;
			remoteInfo = PartyRockApp;
		};
/* End PBXContainerItemProxy section */

/* Begin PBXFileReference section */
		1B416D3020BB4EC1000142FE /* PartyRockApp.app */ = {isa = PBXFileReference; explicitFileType = wrapper.application; includeInIndex = 0; path = PartyRockApp.app; sourceTree = BUILT_PRODUCTS_DIR; };
		1B416D3320BB4EC1000142FE /* AppDelegate.swift */ = {isa = PBXFileReference; lastKnownFileType = sourcecode.swift; path = AppDelegate.swift; sourceTree = "<group>"; };
		1B416D3520BB4EC1000142FE /* ViewController.swift */ = {isa = PBXFileReference; lastKnownFileType = sourcecode.swift; path = ViewController.swift; sourceTree = "<group>"; };
		1B416D3820BB4EC1000142FE /* Base */ = {isa = PBXFileReference; lastKnownFileType = file.storyboard; name = Base; path = Base.lproj/Main.storyboard; sourceTree = "<group>"; };
		1B416D3A20BB4EC2000142FE /* Assets.xcassets */ = {isa = PBXFileReference; lastKnownFileType = folder.assetcatalog; path = Assets.xcassets; sourceTree = "<group>"; };
		1B416D3D20BB4EC2000142FE /* Base */ = {isa = PBXFileReference; lastKnownFileType = file.storyboard; name = Base; path = Base.lproj/LaunchScreen.storyboard; sourceTree = "<group>"; };
		1B416D3F20BB4EC2000142FE /* Info.plist */ = {isa = PBXFileReference; lastKnownFileType = text.plist.xml; path = Info.plist; sourceTree = "<group>"; };
		1B416D4420BB4EC2000142FE /* PartyRockAppTests.xctest */ = {isa = PBXFileReference; explicitFileType = wrapper.cfbundle; includeInIndex = 0; path = PartyRockAppTests.xctest; sourceTree = BUILT_PRODUCTS_DIR; };
		1B416D4820BB4EC2000142FE /* PartyRockAppTests.swift */ = {isa = PBXFileReference; lastKnownFileType = sourcecode.swift; path = PartyRockAppTests.swift; sourceTree = "<group>"; };
		1B416D4A20BB4EC2000142FE /* Info.plist */ = {isa = PBXFileReference; lastKnownFileType = text.plist.xml; path = Info.plist; sourceTree = "<group>"; };
		1B416D4F20BB4EC2000142FE /* PartyRockAppUITests.xctest */ = {isa = PBXFileReference; explicitFileType = wrapper.cfbundle; includeInIndex = 0; path = PartyRockAppUITests.xctest; sourceTree = BUILT_PRODUCTS_DIR; };
		1B416D5320BB4EC2000142FE /* PartyRockAppUITests.swift */ = {isa = PBXFileReference; lastKnownFileType = sourcecode.swift; path = PartyRockAppUITests.swift; sourceTree = "<group>"; };
		1B416D5520BB4EC2000142FE /* Info.plist */ = {isa = PBXFileReference; lastKnownFileType = text.plist.xml; path = Info.plist; sourceTree = "<group>"; };
/* End PBXFileReference section */

/* Begin PBXFrameworksBuildPhase section */
		1B416D2D20BB4EC1000142FE /* Frameworks */ = {
			isa = PBXFrameworksBuildPhase;
			buildActionMask = 2147483647;
			files = (
			);
			runOnlyForDeploymentPostprocessing = 0;
		};
		1B416D4120BB4EC2000142FE /* Frameworks */ = {
			isa = PBXFrameworksBuildPhase;
			buildActionMask = 2147483647;
			files = (
			);
			runOnlyForDeploymentPostprocessing = 0;
		};
		1B416D4C20BB4EC2000142FE /* Frameworks */ = {
			isa = PBXFrameworksBuildPhase;
			buildActionMask = 2147483647;
			files = (
			);
			runOnlyForDeploymentPostprocessing = 0;
		};
/* End PBXFrameworksBuildPhase section */

/* Begin PBXGroup section */
		1B416D2720BB4EC1000142FE = {
			isa = PBXGroup;
			children = (
				1B416D3220BB4EC1000142FE /* PartyRockApp */,
				1B416D4720BB4EC2000142FE /* PartyRockAppTests */,
				1B416D5220BB4EC2000142FE /* PartyRockAppUITests */,
				1B416D3120BB4EC1000142FE /* Products */,
			);
			sourceTree = "<group>";
		};
		1B416D3120BB4EC1000142FE /* Products */ = {
			isa = PBXGroup;
			children = (
				1B416D3020BB4EC1000142FE /* PartyRockApp.app */,
				1B416D4420BB4EC2000142FE /* PartyRockAppTests.xctest */,
				1B416D4F20BB4EC2000142FE /* PartyRockAppUITests.xctest */,
			);
			name = Products;
			sourceTree = "<group>";
		};
		1B416D3220BB4EC1000142FE /* PartyRockApp */ = {
			isa = PBXGroup;
			children = (
				1B416D3320BB4EC1000142FE /* AppDelegate.swift */,
				1B416D3520BB4EC1000142FE /* ViewController.swift */,
				1B416D3720BB4EC1000142FE /* Main.storyboard */,
				1B416D3A20BB4EC2000142FE /* Assets.xcassets */,
				1B416D3C20BB4EC2000142FE /* LaunchScreen.storyboard */,
				1B416D3F20BB4EC2000142FE /* Info.plist */,
			);
			path = PartyRockApp;
			sourceTree = "<group>";
		};
		1B416D4720BB4EC2000142FE /* PartyRockAppTests */ = {
			isa = PBXGroup;
			children = (
				1B416D4820BB4EC2000142FE /* PartyRockAppTests.swift */,
				1B416D4A20BB4EC2000142FE /* Info.plist */,
			);
			path = PartyRockAppTests;
			sourceTree = "<group>";
		};
		1B416D5220BB4EC2000142FE /* PartyRockAppUITests */ = {
			isa = PBXGroup;
			children = (
				1B416D5320BB4EC2000142FE /* PartyRockAppUITests.swift */,
				1B416D5520BB4EC2000142FE /* Info.plist */,
			);
			path = PartyRockAppUITests;
			sourceTree = "<group>";
		};
/* End PBXGroup section */

/* Begin PBXNativeTarget section */
		1B416D2F20BB4EC1000142FE /* PartyRockApp */ = {
			isa = PBXNativeTarget;
			buildConfigurationList = 1B416D5820BB4EC2000142FE /* Build configuration list for PBXNativeTarget "PartyRockApp" */;
			buildPhases = (
				1B416D2C20BB4EC1000142FE /* Sources */,
				1B416D2D20BB4EC1000142FE /* Frameworks */,
				1B416D2E20BB4EC1000142FE /* Resources */,
			);
			buildRules = (
			);
			dependencies = (
			);
			name = PartyRockApp;
			productName = PartyRockApp;
			productReference = 1B416D3020BB4EC1000142FE /* PartyRockApp.app */;
			productType = "com.apple.product-type.application";
		};
		1B416D4320BB4EC2000142FE /* PartyRockAppTests */ = {
			isa = PBXNativeTarget;
			buildConfigurationList = 1B416D5B20BB4EC2000142FE /* Build configuration list for PBXNativeTarget "PartyRockAppTests" */;
			buildPhases = (
				1B416D4020BB4EC2000142FE /* Sources */,
				1B416D4120BB4EC2000142FE /* Frameworks */,
				1B416D4220BB4EC2000142FE /* Resources */,
			);
			buildRules = (
			);
			dependencies = (
				1B416D4620BB4EC2000142FE /* PBXTargetDependency */,
			);
			name = PartyRockAppTests;
			productName = PartyRockAppTests;
			productReference = 1B416D4420BB4EC2000142FE /* PartyRockAppTests.xctest */;
			productType = "com.apple.product-type.bundle.unit-test";
		};
		1B416D4E20BB4EC2000142FE /* PartyRockAppUITests */ = {
			isa = PBXNativeTarget;
			buildConfigurationList = 1B416D5E20BB4EC2000142FE /* Build configuration list for PBXNativeTarget "PartyRockAppUITests" */;
			buildPhases = (
				1B416D4B20BB4EC2000142FE /* Sources */,
				1B416D4C20BB4EC2000142FE /* Frameworks */,
				1B416D4D20BB4EC2000142FE /* Resources */,
			);
			buildRules = (
			);
			dependencies = (
				1B416D5120BB4EC2000142FE /* PBXTargetDependency */,
			);
			name = PartyRockAppUITests;
			productName = PartyRockAppUITests;
			productReference = 1B416D4F20BB4EC2000142FE /* PartyRockAppUITests.xctest */;
			productType = "com.apple.product-type.bundle.ui-testing";
		};
/* End PBXNativeTarget section */

/* Begin PBXProject section */
		1B416D2820BB4EC1000142FE /* Project object */ = {
			isa = PBXProject;
			attributes = {
				LastSwiftUpdateCheck = 0930;
				LastUpgradeCheck = 0930;
				ORGANIZATIONNAME = "Sagar Duhan";
				TargetAttributes = {
					1B416D2F20BB4EC1000142FE = {
						CreatedOnToolsVersion = 9.3.1;
					};
					1B416D4320BB4EC2000142FE = {
						CreatedOnToolsVersion = 9.3.1;
						TestTargetID = 1B416D2F20BB4EC1000142FE;
					};
					1B416D4E20BB4EC2000142FE = {
						CreatedOnToolsVersion = 9.3.1;
						TestTargetID = 1B416D2F20BB4EC1000142FE;
					};
				};
			};
			buildConfigurationList = 1B416D2B20BB4EC1000142FE /* Build configuration list for PBXProject "PartyRockApp" */;
			compatibilityVersion = "Xcode 9.3";
			developmentRegion = en;
			hasScannedForEncodings = 0;
			knownRegions = (
				en,
				Base,
			);
			mainGroup = 1B416D2720BB4EC1000142FE;
			productRefGroup = 1B416D3120BB4EC1000142FE /* Products */;
			projectDirPath = "";
			projectRoot = "";
			targets = (
				1B416D2F20BB4EC1000142FE /* PartyRockApp */,
				1B416D4320BB4EC2000142FE /* PartyRockAppTests */,
				1B416D4E20BB4EC2000142FE /* PartyRockAppUITests */,
			);
		};
/* End PBXProject section */

/* Begin PBXResourcesBuildPhase section */
		1B416D2E20BB4EC1000142FE /* Resources */ = {
			isa = PBXResourcesBuildPhase;
			buildActionMask = 2147483647;
			files = (
				1B416D3E20BB4EC2000142FE /* LaunchScreen.storyboard in Resources */,
				1B416D3B20BB4EC2000142FE /* Assets.xcassets in Resources */,
				1B416D3920BB4EC1000142FE /* Main.storyboard in Resources */,
			);
			runOnlyForDeploymentPostprocessing = 0;
		};
		1B416D4220BB4EC2000142FE /* Resources */ = {
			isa = PBXResourcesBuildPhase;
			buildActionMask = 2147483647;
			files = (
			);
			runOnlyForDeploymentPostprocessing = 0;
		};
		1B416D4D20BB4EC2000142FE /* Resources */ = {
			isa = PBXResourcesBuildPhase;
			buildActionMask = 2147483647;
			files = (
			);
			runOnlyForDeploymentPostprocessing = 0;
		};
/* End PBXResourcesBuildPhase section */

/* Begin PBXSourcesBuildPhase section */
		1B416D2C20BB4EC1000142FE /* Sources */ = {
			isa = PBXSourcesBuildPhase;
			buildActionMask = 2147483647;
			files = (
				1B416D3620BB4EC1000142FE /* ViewController.swift in Sources */,
				1B416D3420BB4EC1000142FE /* AppDelegate.swift in Sources */,
			);
			runOnlyForDeploymentPostprocessing = 0;
		};
		1B416D4020BB4EC2000142FE /* Sources */ = {
			isa = PBXSourcesBuildPhase;
			buildActionMask = 2147483647;
			files = (
				1B416D4920BB4EC2000142FE /* PartyRockAppTests.swift in Sources */,
			);
			runOnlyForDeploymentPostprocessing = 0;
		};
		1B416D4B20BB4EC2000142FE /* Sources */ = {
			isa = PBXSourcesBuildPhase;
			buildActionMask = 2147483647;
			files = (
				1B416D5420BB4EC2000142FE /* PartyRockAppUITests.swift in Sources */,
			);
			runOnlyForDeploymentPostprocessing = 0;
		};
/* End PBXSourcesBuildPhase section */

/* Begin PBXTargetDependency section */
		1B416D4620BB4EC2000142FE /* PBXTargetDependency */ = {
			isa = PBXTargetDependency;
			target = 1B416D2F20BB4EC1000142FE /* PartyRockApp */;
			targetProxy = 1B416D4520BB4EC2000142FE /* PBXContainerItemProxy */;
		};
		1B416D5120BB4EC2000142FE /* PBXTargetDependency */ = {
			isa = PBXTargetDependency;
			target = 1B416D2F20BB4EC1000142FE /* PartyRockApp */;
			targetProxy = 1B416D5020BB4EC2000142FE /* PBXContainerItemProxy */;
		};
/* End PBXTargetDependency section */

/* Begin PBXVariantGroup section */
		1B416D3720BB4EC1000142FE /* Main.storyboard */ = {
			isa = PBXVariantGroup;
			children = (
				1B416D3820BB4EC1000142FE /* Base */,
			);
			name = Main.storyboard;
			sourceTree = "<group>";
		};
		1B416D3C20BB4EC2000142FE /* LaunchScreen.storyboard */ = {
			isa = PBXVariantGroup;
			children = (
				1B416D3D20BB4EC2000142FE /* Base */,
			);
			name = LaunchScreen.storyboard;
			sourceTree = "<group>";
		};
/* End PBXVariantGroup section */

/* Begin XCBuildConfiguration section */
		1B416D5620BB4EC2000142FE /* Debug */ = {
			isa = XCBuildConfiguration;
			buildSettings = {
				ALWAYS_SEARCH_USER_PATHS = NO;
				CLANG_ANALYZER_NONNULL = YES;
				CLANG_ANALYZER_NUMBER_OBJECT_CONVERSION = YES_AGGRESSIVE;
				CLANG_CXX_LANGUAGE_STANDARD = "gnu++14";
				CLANG_CXX_LIBRARY = "libc++";
				CLANG_ENABLE_MODULES = YES;
				CLANG_ENABLE_OBJC_ARC = YES;
				CLANG_ENABLE_OBJC_WEAK = YES;
				CLANG_WARN_BLOCK_CAPTURE_AUTORELEASING = YES;
				CLANG_WARN_BOOL_CONVERSION = YES;
				CLANG_WARN_COMMA = YES;
				CLANG_WARN_CONSTANT_CONVERSION = YES;
				CLANG_WARN_DEPRECATED_OBJC_IMPLEMENTATIONS = YES;
				CLANG_WARN_DIRECT_OBJC_ISA_USAGE = YES_ERROR;
				CLANG_WARN_DOCUMENTATION_COMMENTS = YES;
				CLANG_WARN_EMPTY_BODY = YES;
				CLANG_WARN_ENUM_CONVERSION = YES;
				CLANG_WARN_INFINITE_RECURSION = YES;
				CLANG_WARN_INT_CONVERSION = YES;
				CLANG_WARN_NON_LITERAL_NULL_CONVERSION = YES;
				CLANG_WARN_OBJC_IMPLICIT_RETAIN_SELF = YES;
				CLANG_WARN_OBJC_LITERAL_CONVERSION = YES;
				CLANG_WARN_OBJC_ROOT_CLASS = YES_ERROR;
				CLANG_WARN_RANGE_LOOP_ANALYSIS = YES;
				CLANG_WARN_STRICT_PROTOTYPES = YES;
				CLANG_WARN_SUSPICIOUS_MOVE = YES;
				CLANG_WARN_UNGUARDED_AVAILABILITY = YES_AGGRESSIVE;
				CLANG_WARN_UNREACHABLE_CODE = YES;
				CLANG_WARN__DUPLICATE_METHOD_MATCH = YES;
				CODE_SIGN_IDENTITY = "iPhone Developer";
				COPY_PHASE_STRIP = NO;
				DEBUG_INFORMATION_FORMAT = dwarf;
				ENABLE_STRICT_OBJC_MSGSEND = YES;
				ENABLE_TESTABILITY = YES;
				GCC_C_LANGUAGE_STANDARD = gnu11;
				GCC_DYNAMIC_NO_PIC = NO;
				GCC_NO_COMMON_BLOCKS = YES;
				GCC_OPTIMIZATION_LEVEL = 0;
				GCC_PREPROCESSOR_DEFINITIONS = (
					"DEBUG=1",
					"$(inherited)",
				);
				GCC_WARN_64_TO_32_BIT_CONVERSION = YES;
				GCC_WARN_ABOUT_RETURN_TYPE = YES_ERROR;
				GCC_WARN_UNDECLARED_SELECTOR = YES;
				GCC_WARN_UNINITIALIZED_AUTOS = YES_AGGRESSIVE;
				GCC_WARN_UNUSED_FUNCTION = YES;
				GCC_WARN_UNUSED_VARIABLE = YES;
				IPHONEOS_DEPLOYMENT_TARGET = 11.3;
				MTL_ENABLE_DEBUG_INFO = YES;
				ONLY_ACTIVE_ARCH = YES;
				SDKROOT = iphoneos;
				SWIFT_ACTIVE_COMPILATION_CONDITIONS = DEBUG;
				SWIFT_OPTIMIZATION_LEVEL = "-Onone";
			};
			name = Debug;
		};
		1B416D5720BB4EC2000142FE /* Release */ = {
			isa = XCBuildConfiguration;
			buildSettings = {
				ALWAYS_SEARCH_USER_PATHS = NO;
				CLANG_ANALYZER_NONNULL = YES;
				CLANG_ANALYZER_NUMBER_OBJECT_CONVERSION = YES_AGGRESSIVE;
				CLANG_CXX_LANGUAGE_STANDARD = "gnu++14";
				CLANG_CXX_LIBRARY = "libc++";
				CLANG_ENABLE_MODULES = YES;
				CLANG_ENABLE_OBJC_ARC = YES;
				CLANG_ENABLE_OBJC_WEAK = YES;
				CLANG_WARN_BLOCK_CAPTURE_AUTORELEASING = YES;
				CLANG_WARN_BOOL_CONVERSION = YES;
				CLANG_WARN_COMMA = YES;
				CLANG_WARN_CONSTANT_CONVERSION = YES;
				CLANG_WARN_DEPRECATED_OBJC_IMPLEMENTATIONS = YES;
				CLANG_WARN_DIRECT_OBJC_ISA_USAGE = YES_ERROR;
				CLANG_WARN_DOCUMENTATION_COMMENTS = YES;
				CLANG_WARN_EMPTY_BODY = YES;
				CLANG_WARN_ENUM_CONVERSION = YES;
				CLANG_WARN_INFINITE_RECURSION = YES;
				CLANG_WARN_INT_CONVERSION = YES;
				CLANG_WARN_NON_LITERAL_NULL_CONVERSION = YES;
				CLANG_WARN_OBJC_IMPLICIT_RETAIN_SELF = YES;
				CLANG_WARN_OBJC_LITERAL_CONVERSION = YES;
				CLANG_WARN_OBJC_ROOT_CLASS = YES_ERROR;
				CLANG_WARN_RANGE_LOOP_ANALYSIS = YES;
				CLANG_WARN_STRICT_PROTOTYPES = YES;
				CLANG_WARN_SUSPICIOUS_MOVE = YES;
				CLANG_WARN_UNGUARDED_AVAILABILITY = YES_AGGRESSIVE;
				CLANG_WARN_UNREACHABLE_CODE = YES;
				CLANG_WARN__DUPLICATE_METHOD_MATCH = YES;
				CODE_SIGN_IDENTITY = "iPhone Developer";
				COPY_PHASE_STRIP = NO;
				DEBUG_INFORMATION_FORMAT = "dwarf-with-dsym";
				ENABLE_NS_ASSERTIONS = NO;
				ENABLE_STRICT_OBJC_MSGSEND = YES;
				GCC_C_LANGUAGE_STANDARD = gnu11;
				GCC_NO_COMMON_BLOCKS = YES;
				GCC_WARN_64_TO_32_BIT_CONVERSION = YES;
				GCC_WARN_ABOUT_RETURN_TYPE = YES_ERROR;
				GCC_WARN_UNDECLARED_SELECTOR = YES;
				GCC_WARN_UNINITIALIZED_AUTOS = YES_AGGRESSIVE;
				GCC_WARN_UNUSED_FUNCTION = YES;
				GCC_WARN_UNUSED_VARIABLE = YES;
				IPHONEOS_DEPLOYMENT_TARGET = 11.3;
				MTL_ENABLE_DEBUG_INFO = NO;
				SDKROOT = iphoneos;
				SWIFT_COMPILATION_MODE = wholemodule;
				SWIFT_OPTIMIZATION_LEVEL = "-O";
				VALIDATE_PRODUCT = YES;
			};
			name = Release;
		};
		1B416D5920BB4EC2000142FE /* Debug */ = {
			isa = XCBuildConfiguration;
			buildSettings = {
				ASSETCATALOG_COMPILER_APPICON_NAME = AppIcon;
				CODE_SIGN_STYLE = Automatic;
				INFOPLIST_FILE = PartyRockApp/Info.plist;
				LD_RUNPATH_SEARCH_PATHS = (
					"$(inherited)",
					"@executable_path/Frameworks",
				);
				PRODUCT_BUNDLE_IDENTIFIER = com.sagarduhan.PartyRockApp;
				PRODUCT_NAME = "$(TARGET_NAME)";
				SWIFT_VERSION = 4.0;
				TARGETED_DEVICE_FAMILY = "1,2";
			};
			name = Debug;
		};
		1B416D5A20BB4EC2000142FE /* Release */ = {
			isa = XCBuildConfiguration;
			buildSettings = {
				ASSETCATALOG_COMPILER_APPICON_NAME = AppIcon;
				CODE_SIGN_STYLE = Automatic;
				INFOPLIST_FILE = PartyRockApp/Info.plist;
				LD_RUNPATH_SEARCH_PATHS = (
					"$(inherited)",
					"@executable_path/Frameworks",
				);
				PRODUCT_BUNDLE_IDENTIFIER = com.sagarduhan.PartyRockApp;
				PRODUCT_NAME = "$(TARGET_NAME)";
				SWIFT_VERSION = 4.0;
				TARGETED_DEVICE_FAMILY = "1,2";
			};
			name = Release;
		};
		1B416D5C20BB4EC2000142FE /* Debug */ = {
			isa = XCBuildConfiguration;
			buildSettings = {
				ALWAYS_EMBED_SWIFT_STANDARD_LIBRARIES = YES;
				BUNDLE_LOADER = "$(TEST_HOST)";
				CODE_SIGN_STYLE = Automatic;
				INFOPLIST_FILE = PartyRockAppTests/Info.plist;
				LD_RUNPATH_SEARCH_PATHS = (
					"$(inherited)",
					"@executable_path/Frameworks",
					"@loader_path/Frameworks",
				);
				PRODUCT_BUNDLE_IDENTIFIER = com.sagarduhan.PartyRockAppTests;
				PRODUCT_NAME = "$(TARGET_NAME)";
				SWIFT_VERSION = 4.0;
				TARGETED_DEVICE_FAMILY = "1,2";
				TEST_HOST = "$(BUILT_PRODUCTS_DIR)/PartyRockApp.app/PartyRockApp";
			};
			name = Debug;
		};
		1B416D5D20BB4EC2000142FE /* Release */ = {
			isa = XCBuildConfiguration;
			buildSettings = {
				ALWAYS_EMBED_SWIFT_STANDARD_LIBRARIES = YES;
				BUNDLE_LOADER = "$(TEST_HOST)";
				CODE_SIGN_STYLE = Automatic;
				INFOPLIST_FILE = PartyRockAppTests/Info.plist;
				LD_RUNPATH_SEARCH_PATHS = (
					"$(inherited)",
					"@executable_path/Frameworks",
					"@loader_path/Frameworks",
				);
				PRODUCT_BUNDLE_IDENTIFIER = com.sagarduhan.PartyRockAppTests;
				PRODUCT_NAME = "$(TARGET_NAME)";
				SWIFT_VERSION = 4.0;
				TARGETED_DEVICE_FAMILY = "1,2";
				TEST_HOST = "$(BUILT_PRODUCTS_DIR)/PartyRockApp.app/PartyRockApp";
			};
			name = Release;
		};
		1B416D5F20BB4EC2000142FE /* Debug */ = {
			isa = XCBuildConfiguration;
			buildSettings = {
				ALWAYS_EMBED_SWIFT_STANDARD_LIBRARIES = YES;
				CODE_SIGN_STYLE = Automatic;
				INFOPLIST_FILE = PartyRockAppUITests/Info.plist;
				LD_RUNPATH_SEARCH_PATHS = (
					"$(inherited)",
					"@executable_path/Frameworks",
					"@loader_path/Frameworks",
				);
				PRODUCT_BUNDLE_IDENTIFIER = com.sagarduhan.PartyRockAppUITests;
				PRODUCT_NAME = "$(TARGET_NAME)";
				SWIFT_VERSION = 4.0;
				TARGETED_DEVICE_FAMILY = "1,2";
				TEST_TARGET_NAME = PartyRockApp;
			};
			name = Debug;
		};
		1B416D6020BB4EC2000142FE /* Release */ = {
			isa = XCBuildConfiguration;
			buildSettings = {
				ALWAYS_EMBED_SWIFT_STANDARD_LIBRARIES = YES;
				CODE_SIGN_STYLE = Automatic;
				INFOPLIST_FILE = PartyRockAppUITests/Info.plist;
				LD_RUNPATH_SEARCH_PATHS = (
					"$(inherited)",
					"@executable_path/Frameworks",
					"@loader_path/Frameworks",
				);
				PRODUCT_BUNDLE_IDENTIFIER = com.sagarduhan.PartyRockAppUITests;
				PRODUCT_NAME = "$(TARGET_NAME)";
				SWIFT_VERSION = 4.0;
				TARGETED_DEVICE_FAMILY = "1,2";
				TEST_TARGET_NAME = PartyRockApp;
			};
			name = Release;
		};
/* End XCBuildConfiguration section */

/* Begin XCConfigurationList section */
		1B416D2B20BB4EC1000142FE /* Build configuration list for PBXProject "PartyRockApp" */ = {
			isa = XCConfigurationList;
			buildConfigurations = (
				1B416D5620BB4EC2000142FE /* Debug */,
				1B416D5720BB4EC2000142FE /* Release */,
			);
			defaultConfigurationIsVisible = 0;
			defaultConfigurationName = Release;
		};
		1B416D5820BB4EC2000142FE /* Build configuration list for PBXNativeTarget "PartyRockApp" */ = {
			isa = XCConfigurationList;
			buildConfigurations = (
				1B416D5920BB4EC2000142FE /* Debug */,
				1B416D5A20BB4EC2000142FE /* Release */,
			);
			defaultConfigurationIsVisible = 0;
			defaultConfigurationName = Release;
		};
		1B416D5B20BB4EC2000142FE /* Build configuration list for PBXNativeTarget "PartyRockAppTests" */ = {
			isa = XCConfigurationList;
			buildConfigurations = (
				1B416D5C20BB4EC2000142FE /* Debug */,
				1B416D5D20BB4EC2000142FE /* Release */,
			);
			defaultConfigurationIsVisible = 0;
			defaultConfigurationName = Release;
		};
		1B416D5E20BB4EC2000142FE /* Build configuration list for PBXNativeTarget "PartyRockAppUITests" */ = {
			isa = XCConfigurationList;
			buildConfigurations = (
				1B416D5F20BB4EC2000142FE /* Debug */,
				1B416D6020BB4EC2000142FE /* Release */,
			);
			defaultConfigurationIsVisible = 0;
			defaultConfigurationName = Release;
		};
/* End XCConfigurationList section */
	};
	rootObject = 1B416D2820BB4EC1000142FE /* Project object */;
}
